
Microsoft Visual Studio Solution File, Format Version 12.00
# Visual Studio Version 16
VisualStudioVersion = 16.0.31410.357
MinimumVisualStudioVersion = 10.0.40219.1
Project("{9A19103F-16F7-4668-BE54-9A1E7A4F7556}") = "Contracts", "Contracts\Contracts.csproj", "{608EA439-72AD-42BB-9F5F-659E1E9DEDB4}"
EndProject
Project("{9A19103F-16F7-4668-BE54-9A1E7A4F7556}") = "WebAPIMock", "WebAPIMock\WebAPIMock.csproj", "{F3441E2F-D35F-4A40-8534-932395EEEB07}"
EndProject
Project("{9A19103F-16F7-4668-BE54-9A1E7A4F7556}") = "WebAPIWrapper", "WebAPIWrapper\WebAPIWrapper.csproj", "{4797B897-A085-45B3-95F2-30D18055CC99}"
EndProject
Global
	GlobalSection(SolutionConfigurationPlatforms) = preSolution
		Debug|Any CPU = Debug|Any CPU
		Release|Any CPU = Release|Any CPU
	EndGlobalSection
	GlobalSection(ProjectConfigurationPlatforms) = postSolution
		{608EA439-72AD-42BB-9F5F-659E1E9DEDB4}.Debug|Any CPU.ActiveCfg = Debug|Any CPU
		{608EA439-72AD-42BB-9F5F-659E1E9DEDB4}.Debug|Any CPU.Build.0 = Debug|Any CPU
		{608EA439-72AD-42BB-9F5F-659E1E9DEDB4}.Release|Any CPU.ActiveCfg = Release|Any CPU
		{608EA439-72AD-42BB-9F5F-659E1E9DEDB4}.Release|Any CPU.Build.0 = Release|Any CPU
		{F3441E2F-D35F-4A40-8534-932395EEEB07}.Debug|Any CPU.ActiveCfg = Debug|Any CPU
		{F3441E2F-D35F-4A40-8534-932395EEEB07}.Debug|Any CPU.Build.0 = Debug|Any CPU
		{F3441E2F-D35F-4A40-8534-932395EEEB07}.Release|Any CPU.ActiveCfg = Release|Any CPU
		{F3441E2F-D35F-4A40-8534-932395EEEB07}.Release|Any CPU.Build.0 = Release|Any CPU
		{4797B897-A085-45B3-95F2-30D18055CC99}.Debug|Any CPU.ActiveCfg = Debug|Any CPU
		{4797B897-A085-45B3-95F2-30D18055CC99}.Debug|Any CPU.Build.0 = Debug|Any CPU
		{4797B897-A085-45B3-95F2-30D18055CC99}.Release|Any CPU.ActiveCfg = Release|Any CPU
		{4797B897-A085-45B3-95F2-30D18055CC99}.Release|Any CPU.Build.0 = Release|Any CPU
	EndGlobalSection
	GlobalSection(SolutionProperties) = preSolution
		HideSolutionNode = FALSE
	EndGlobalSection
	GlobalSection(ExtensibilityGlobals) = postSolution
		SolutionGuid = {1E778459-7B86-427F-B148-249CE0069E97}
	EndGlobalSection
EndGlobal
